
Microsoft Visual Studio Solution File, Format Version 12.00
# Visual Studio 2012
Project("{8BC9CEB8-8B4A-11D0-8D11-00A0C91BC942}") = "test2", "test2\test2.vcxproj", "{D0B818D4-14E6-4894-853B-F1666027C9D9}"
EndProject
Global
	GlobalSection(SolutionConfigurationPlatforms) = preSolution
		Debug|Win32 = Debug|Win32
		Release|Win32 = Release|Win32
	EndGlobalSection
	GlobalSection(ProjectConfigurationPlatforms) = postSolution
		{D0B818D4-14E6-4894-853B-F1666027C9D9}.Debug|Win32.ActiveCfg = Debug|Win32
		{D0B818D4-14E6-4894-853B-F1666027C9D9}.Debug|Win32.Build.0 = Debug|Win32
		{D0B818D4-14E6-4894-853B-F1666027C9D9}.Release|Win32.ActiveCfg = Release|Win32
		{D0B818D4-14E6-4894-853B-F1666027C9D9}.Release|Win32.Build.0 = Release|Win32
	EndGlobalSection
	GlobalSection(SolutionProperties) = preSolution
		HideSolutionNode = FALSE
	EndGlobalSection
EndGlobal
